
Microsoft Visual Studio Solution File, Format Version 12.00
# Visual Studio Version 17
VisualStudioVersion = 17.11.35222.181
MinimumVisualStudioVersion = 10.0.40219.1
Project("{9A19103F-16F7-4668-BE54-9A1E7A4F7556}") = "poc.ef.mysql.dbfirst", "poc.ef.mysql.dbfirst.csproj", "{110715A3-6F78-4438-9759-5B55C014AD06}"
EndProject
Project("{9A19103F-16F7-4668-BE54-9A1E7A4F7556}") = "poc.ef.mysql.codefirst", "..\poc.ef.mysql.codefirst\poc.ef.mysql.codefirst.csproj", "{5C7CD6F0-A8BC-4FBB-BB6A-C239EC327D4C}"
EndProject
Project("{2150E333-8FDC-42A3-9474-1A3956D46DE8}") = "Solution Items", "Solution Items", "{F4B1E159-274A-4378-A775-4989C700A8F0}"
EndProject
Global
	GlobalSection(SolutionConfigurationPlatforms) = preSolution
		Debug|Any CPU = Debug|Any CPU
		Release|Any CPU = Release|Any CPU
	EndGlobalSection
	GlobalSection(ProjectConfigurationPlatforms) = postSolution
		{110715A3-6F78-4438-9759-5B55C014AD06}.Debug|Any CPU.ActiveCfg = Debug|Any CPU
		{110715A3-6F78-4438-9759-5B55C014AD06}.Debug|Any CPU.Build.0 = Debug|Any CPU
		{110715A3-6F78-4438-9759-5B55C014AD06}.Release|Any CPU.ActiveCfg = Release|Any CPU
		{110715A3-6F78-4438-9759-5B55C014AD06}.Release|Any CPU.Build.0 = Release|Any CPU
		{5C7CD6F0-A8BC-4FBB-BB6A-C239EC327D4C}.Debug|Any CPU.ActiveCfg = Debug|Any CPU
		{5C7CD6F0-A8BC-4FBB-BB6A-C239EC327D4C}.Debug|Any CPU.Build.0 = Debug|Any CPU
		{5C7CD6F0-A8BC-4FBB-BB6A-C239EC327D4C}.Release|Any CPU.ActiveCfg = Release|Any CPU
		{5C7CD6F0-A8BC-4FBB-BB6A-C239EC327D4C}.Release|Any CPU.Build.0 = Release|Any CPU
	EndGlobalSection
	GlobalSection(SolutionProperties) = preSolution
		HideSolutionNode = FALSE
	EndGlobalSection
	GlobalSection(ExtensibilityGlobals) = postSolution
		SolutionGuid = {B7E4A555-2AB6-4676-9597-4A74746063E8}
	EndGlobalSection
EndGlobal
